PODS:
  - Countly (19.08):
    - Countly/NotificationService (= 19.08)
  - Countly/NotificationService (19.08)
  - iOSDropDown (0.3.4)
  - IQKeyboardManagerSwift (6.5.5)
  - SideMenu (6.4.7)

DEPENDENCIES:
  - Countly
  - iOSDropDown
  - IQKeyboardManagerSwift
  - SideMenu

SPEC REPOS:
  trunk:
    - Countly
    - iOSDropDown
    - IQKeyboardManagerSwift
    - SideMenu

SPEC CHECKSUMS:
  Countly: 7c596e00a90a35b7978713a384455fe9a18f28aa
  iOSDropDown: c10a761f9a00c3f1cc9d3bce43ae504628e2f692
  IQKeyboardManagerSwift: 0fb93310284665245591f50f7a5e38de615960b7
  SideMenu: 928a015669c3afc201e1fe3a87f1b0bc8993a664

PODFILE CHECKSUM: 0531cdd390cfd9c84bbbb487331c08a68d8743be

COCOAPODS: 1.8.4
