// !$*UTF8*$!
{
	archiveVersion = 1;
	classes = {
	};
	objectVersion = 51;
	objects = {

/* Begin PBXBuildFile section */
		2031926723ED86AD00E47747 /* PaymentsViewController.swift in Sources */ = {isa = PBXBuildFile; fileRef = 2031926623ED86AD00E47747 /* PaymentsViewController.swift */; };
		2031926923ED87F300E47747 /* UtilPaymentsViewController.swift in Sources */ = {isa = PBXBuildFile; fileRef = 2031926823ED87F300E47747 /* UtilPaymentsViewController.swift */; };
		2033045923F2849B007C6B64 /* MarketsViewController.swift in Sources */ = {isa = PBXBuildFile; fileRef = 2033045823F2849B007C6B64 /* MarketsViewController.swift */; };
		2033045B23F285F9007C6B64 /* PersonalFinanceLoanCalculationViewController.swift in Sources */ = {isa = PBXBuildFile; fileRef = 2033045A23F285F9007C6B64 /* PersonalFinanceLoanCalculationViewController.swift */; };
		2033045D23F2865A007C6B64 /* DepositReturnCalculationViewController.swift in Sources */ = {isa = PBXBuildFile; fileRef = 2033045C23F2865A007C6B64 /* DepositReturnCalculationViewController.swift */; };
		2033045F23F29749007C6B64 /* ContactViewController.swift in Sources */ = {isa = PBXBuildFile; fileRef = 2033045E23F29749007C6B64 /* ContactViewController.swift */; };
		2033046123F29808007C6B64 /* DepositRatesViewController.swift in Sources */ = {isa = PBXBuildFile; fileRef = 2033046023F29808007C6B64 /* DepositRatesViewController.swift */; };
		2033046323F2C1E7007C6B64 /* ToCountlyBankViewController.swift in Sources */ = {isa = PBXBuildFile; fileRef = 2033046223F2C1E7007C6B64 /* ToCountlyBankViewController.swift */; };
		2033046523F2C6A8007C6B64 /* ToAnotherBankViewController.swift in Sources */ = {isa = PBXBuildFile; fileRef = 2033046423F2C6A8007C6B64 /* ToAnotherBankViewController.swift */; };
		2033046723F2C821007C6B64 /* SwiftViewController.swift in Sources */ = {isa = PBXBuildFile; fileRef = 2033046623F2C821007C6B64 /* SwiftViewController.swift */; };
		2033046923F2D6CD007C6B64 /* ProductsViewController.swift in Sources */ = {isa = PBXBuildFile; fileRef = 2033046823F2D6CD007C6B64 /* ProductsViewController.swift */; };
		2050C95E23ED4394003CA34D /* TransfersViewController.swift in Sources */ = {isa = PBXBuildFile; fileRef = 2050C95D23ED4394003CA34D /* TransfersViewController.swift */; };
		20AC4EEE23EBF5B6006439C7 /* AppDelegate.swift in Sources */ = {isa = PBXBuildFile; fileRef = 20AC4EED23EBF5B6006439C7 /* AppDelegate.swift */; };
		20AC4EF023EBF5B6006439C7 /* SceneDelegate.swift in Sources */ = {isa = PBXBuildFile; fileRef = 20AC4EEF23EBF5B6006439C7 /* SceneDelegate.swift */; };
		20AC4EF223EBF5B6006439C7 /* ViewController.swift in Sources */ = {isa = PBXBuildFile; fileRef = 20AC4EF123EBF5B6006439C7 /* ViewController.swift */; };
		20AC4EF523EBF5B6006439C7 /* Main.storyboard in Resources */ = {isa = PBXBuildFile; fileRef = 20AC4EF323EBF5B6006439C7 /* Main.storyboard */; };
		20AC4EF823EBF5B6006439C7 /* bankingswiftdemo.xcdatamodeld in Sources */ = {isa = PBXBuildFile; fileRef = 20AC4EF623EBF5B6006439C7 /* bankingswiftdemo.xcdatamodeld */; };
		20AC4EFA23EBF5BE006439C7 /* Assets.xcassets in Resources */ = {isa = PBXBuildFile; fileRef = 20AC4EF923EBF5BE006439C7 /* Assets.xcassets */; };
		20AC4EFD23EBF5BE006439C7 /* LaunchScreen.storyboard in Resources */ = {isa = PBXBuildFile; fileRef = 20AC4EFB23EBF5BE006439C7 /* LaunchScreen.storyboard */; };
		20CFD1C323F3D5F300B0AF20 /* CreditCardApplicationViewController.swift in Sources */ = {isa = PBXBuildFile; fileRef = 20CFD1C223F3D5F300B0AF20 /* CreditCardApplicationViewController.swift */; };
		20CFD1C523F3D64800B0AF20 /* LoanApplicationViewController.swift in Sources */ = {isa = PBXBuildFile; fileRef = 20CFD1C423F3D64800B0AF20 /* LoanApplicationViewController.swift */; };
		20CFD1C723F3D65C00B0AF20 /* InsuranceApplicationViewController.swift in Sources */ = {isa = PBXBuildFile; fileRef = 20CFD1C623F3D65C00B0AF20 /* InsuranceApplicationViewController.swift */; };
		20D19E9C23F07AC10051911F /* ApplicationsViewController.swift in Sources */ = {isa = PBXBuildFile; fileRef = 20D19E9B23F07AC10051911F /* ApplicationsViewController.swift */; };
		20D19E9E23F13BBA0051911F /* CalculationViewController.swift in Sources */ = {isa = PBXBuildFile; fileRef = 20D19E9D23F13BBA0051911F /* CalculationViewController.swift */; };
		20D19EA023F151D40051911F /* TaxViewController.swift in Sources */ = {isa = PBXBuildFile; fileRef = 20D19E9F23F151D40051911F /* TaxViewController.swift */; };
		20D19EA223F164FC0051911F /* CreditCardPaymentViewController.swift in Sources */ = {isa = PBXBuildFile; fileRef = 20D19EA123F164FC0051911F /* CreditCardPaymentViewController.swift */; };
		20D19EA423F16C900051911F /* ElectricViewController.swift in Sources */ = {isa = PBXBuildFile; fileRef = 20D19EA323F16C900051911F /* ElectricViewController.swift */; };
		20D19EA623F16CD20051911F /* WaterViewController.swift in Sources */ = {isa = PBXBuildFile; fileRef = 20D19EA523F16CD20051911F /* WaterViewController.swift */; };
		20D19EA823F16CE90051911F /* GasViewController.swift in Sources */ = {isa = PBXBuildFile; fileRef = 20D19EA723F16CE90051911F /* GasViewController.swift */; };
		20D19EAA23F17A0A0051911F /* InvestmentsViewController.swift in Sources */ = {isa = PBXBuildFile; fileRef = 20D19EA923F17A0A0051911F /* InvestmentsViewController.swift */; };
		20DC11D323EC5075000C2796 /* MainViewController.swift in Sources */ = {isa = PBXBuildFile; fileRef = 20DC11D223EC5075000C2796 /* MainViewController.swift */; };
		20DC11D523EC55E4000C2796 /* SideMenuViewController.swift in Sources */ = {isa = PBXBuildFile; fileRef = 20DC11D423EC55E4000C2796 /* SideMenuViewController.swift */; };
		5671C45F871CA44265DA09B2 /* Pods_bankingswiftdemo.framework in Frameworks */ = {isa = PBXBuildFile; fileRef = C5D3D3F36B1566E1981336F0 /* Pods_bankingswiftdemo.framework */; };
/* End PBXBuildFile section */

/* Begin PBXFileReference section */
		2031926623ED86AD00E47747 /* PaymentsViewController.swift */ = {isa = PBXFileReference; lastKnownFileType = sourcecode.swift; path = PaymentsViewController.swift; sourceTree = "<group>"; };
		2031926823ED87F300E47747 /* UtilPaymentsViewController.swift */ = {isa = PBXFileReference; lastKnownFileType = sourcecode.swift; path = UtilPaymentsViewController.swift; sourceTree = "<group>"; };
		2033045823F2849B007C6B64 /* MarketsViewController.swift */ = {isa = PBXFileReference; lastKnownFileType = sourcecode.swift; path = MarketsViewController.swift; sourceTree = "<group>"; };
		2033045A23F285F9007C6B64 /* PersonalFinanceLoanCalculationViewController.swift */ = {isa = PBXFileReference; lastKnownFileType = sourcecode.swift; path = PersonalFinanceLoanCalculationViewController.swift; sourceTree = "<group>"; };
		2033045C23F2865A007C6B64 /* DepositReturnCalculationViewController.swift */ = {isa = PBXFileReference; lastKnownFileType = sourcecode.swift; path = DepositReturnCalculationViewController.swift; sourceTree = "<group>"; };
		2033045E23F29749007C6B64 /* ContactViewController.swift */ = {isa = PBXFileReference; lastKnownFileType = sourcecode.swift; path = ContactViewController.swift; sourceTree = "<group>"; };
		2033046023F29808007C6B64 /* DepositRatesViewController.swift */ = {isa = PBXFileReference; lastKnownFileType = sourcecode.swift; path = DepositRatesViewController.swift; sourceTree = "<group>"; };
		2033046223F2C1E7007C6B64 /* ToCountlyBankViewController.swift */ = {isa = PBXFileReference; lastKnownFileType = sourcecode.swift; path = ToCountlyBankViewController.swift; sourceTree = "<group>"; };
		2033046423F2C6A8007C6B64 /* ToAnotherBankViewController.swift */ = {isa = PBXFileReference; lastKnownFileType = sourcecode.swift; path = ToAnotherBankViewController.swift; sourceTree = "<group>"; };
		2033046623F2C821007C6B64 /* SwiftViewController.swift */ = {isa = PBXFileReference; lastKnownFileType = sourcecode.swift; path = SwiftViewController.swift; sourceTree = "<group>"; };
		2033046823F2D6CD007C6B64 /* ProductsViewController.swift */ = {isa = PBXFileReference; lastKnownFileType = sourcecode.swift; path = ProductsViewController.swift; sourceTree = "<group>"; };
		2050C95D23ED4394003CA34D /* TransfersViewController.swift */ = {isa = PBXFileReference; lastKnownFileType = sourcecode.swift; path = TransfersViewController.swift; sourceTree = "<group>"; };
		20AC4EEA23EBF5B6006439C7 /* bankingswiftdemo.app */ = {isa = PBXFileReference; explicitFileType = wrapper.application; includeInIndex = 0; path = bankingswiftdemo.app; sourceTree = BUILT_PRODUCTS_DIR; };
		20AC4EED23EBF5B6006439C7 /* AppDelegate.swift */ = {isa = PBXFileReference; lastKnownFileType = sourcecode.swift; path = AppDelegate.swift; sourceTree = "<group>"; };
		20AC4EEF23EBF5B6006439C7 /* SceneDelegate.swift */ = {isa = PBXFileReference; lastKnownFileType = sourcecode.swift; path = SceneDelegate.swift; sourceTree = "<group>"; };
		20AC4EF123EBF5B6006439C7 /* ViewController.swift */ = {isa = PBXFileReference; lastKnownFileType = sourcecode.swift; path = ViewController.swift; sourceTree = "<group>"; };
		20AC4EF423EBF5B6006439C7 /* Base */ = {isa = PBXFileReference; lastKnownFileType = file.storyboard; name = Base; path = Base.lproj/Main.storyboard; sourceTree = "<group>"; };
		20AC4EF723EBF5B6006439C7 /* bankingswiftdemo.xcdatamodel */ = {isa = PBXFileReference; lastKnownFileType = wrapper.xcdatamodel; path = bankingswiftdemo.xcdatamodel; sourceTree = "<group>"; };
		20AC4EF923EBF5BE006439C7 /* Assets.xcassets */ = {isa = PBXFileReference; lastKnownFileType = folder.assetcatalog; path = Assets.xcassets; sourceTree = "<group>"; };
		20AC4EFC23EBF5BE006439C7 /* Base */ = {isa = PBXFileReference; lastKnownFileType = file.storyboard; name = Base; path = Base.lproj/LaunchScreen.storyboard; sourceTree = "<group>"; };
		20AC4EFE23EBF5BE006439C7 /* Info.plist */ = {isa = PBXFileReference; lastKnownFileType = text.plist.xml; path = Info.plist; sourceTree = "<group>"; };
		20CFD1C223F3D5F300B0AF20 /* CreditCardApplicationViewController.swift */ = {isa = PBXFileReference; lastKnownFileType = sourcecode.swift; path = CreditCardApplicationViewController.swift; sourceTree = "<group>"; };
		20CFD1C423F3D64800B0AF20 /* LoanApplicationViewController.swift */ = {isa = PBXFileReference; lastKnownFileType = sourcecode.swift; path = LoanApplicationViewController.swift; sourceTree = "<group>"; };
		20CFD1C623F3D65C00B0AF20 /* InsuranceApplicationViewController.swift */ = {isa = PBXFileReference; lastKnownFileType = sourcecode.swift; path = InsuranceApplicationViewController.swift; sourceTree = "<group>"; };
		20D19E9B23F07AC10051911F /* ApplicationsViewController.swift */ = {isa = PBXFileReference; lastKnownFileType = sourcecode.swift; path = ApplicationsViewController.swift; sourceTree = "<group>"; };
		20D19E9D23F13BBA0051911F /* CalculationViewController.swift */ = {isa = PBXFileReference; lastKnownFileType = sourcecode.swift; path = CalculationViewController.swift; sourceTree = "<group>"; };
		20D19E9F23F151D40051911F /* TaxViewController.swift */ = {isa = PBXFileReference; lastKnownFileType = sourcecode.swift; path = TaxViewController.swift; sourceTree = "<group>"; };
		20D19EA123F164FC0051911F /* CreditCardPaymentViewController.swift */ = {isa = PBXFileReference; lastKnownFileType = sourcecode.swift; path = CreditCardPaymentViewController.swift; sourceTree = "<group>"; };
		20D19EA323F16C900051911F /* ElectricViewController.swift */ = {isa = PBXFileReference; lastKnownFileType = sourcecode.swift; path = ElectricViewController.swift; sourceTree = "<group>"; };
		20D19EA523F16CD20051911F /* WaterViewController.swift */ = {isa = PBXFileReference; lastKnownFileType = sourcecode.swift; path = WaterViewController.swift; sourceTree = "<group>"; };
		20D19EA723F16CE90051911F /* GasViewController.swift */ = {isa = PBXFileReference; lastKnownFileType = sourcecode.swift; path = GasViewController.swift; sourceTree = "<group>"; };
		20D19EA923F17A0A0051911F /* InvestmentsViewController.swift */ = {isa = PBXFileReference; lastKnownFileType = sourcecode.swift; path = InvestmentsViewController.swift; sourceTree = "<group>"; };
		20DC11D223EC5075000C2796 /* MainViewController.swift */ = {isa = PBXFileReference; lastKnownFileType = sourcecode.swift; path = MainViewController.swift; sourceTree = "<group>"; };
		20DC11D423EC55E4000C2796 /* SideMenuViewController.swift */ = {isa = PBXFileReference; lastKnownFileType = sourcecode.swift; path = SideMenuViewController.swift; sourceTree = "<group>"; };
		8B3C4E6E367DFD34EEC0D61E /* Pods-bankingswiftdemo.release.xcconfig */ = {isa = PBXFileReference; includeInIndex = 1; lastKnownFileType = text.xcconfig; name = "Pods-bankingswiftdemo.release.xcconfig"; path = "Target Support Files/Pods-bankingswiftdemo/Pods-bankingswiftdemo.release.xcconfig"; sourceTree = "<group>"; };
		C5D3D3F36B1566E1981336F0 /* Pods_bankingswiftdemo.framework */ = {isa = PBXFileReference; explicitFileType = wrapper.framework; includeInIndex = 0; path = Pods_bankingswiftdemo.framework; sourceTree = BUILT_PRODUCTS_DIR; };
		D471EB65FEE6A709D45E5B66 /* Pods-bankingswiftdemo.debug.xcconfig */ = {isa = PBXFileReference; includeInIndex = 1; lastKnownFileType = text.xcconfig; name = "Pods-bankingswiftdemo.debug.xcconfig"; path = "Target Support Files/Pods-bankingswiftdemo/Pods-bankingswiftdemo.debug.xcconfig"; sourceTree = "<group>"; };
/* End PBXFileReference section */

/* Begin PBXFrameworksBuildPhase section */
		20AC4EE723EBF5B6006439C7 /* Frameworks */ = {
			isa = PBXFrameworksBuildPhase;
			buildActionMask = 2147483647;
			files = (
				5671C45F871CA44265DA09B2 /* Pods_bankingswiftdemo.framework in Frameworks */,
			);
			runOnlyForDeploymentPostprocessing = 0;
		};
/* End PBXFrameworksBuildPhase section */

/* Begin PBXGroup section */
		20AC4EE123EBF5B6006439C7 = {
			isa = PBXGroup;
			children = (
				20AC4EEC23EBF5B6006439C7 /* bankingswiftdemo */,
				20AC4EEB23EBF5B6006439C7 /* Products */,
				E670CD40E11D7FAC660A8B51 /* Pods */,
				C5BD0FCB27E0AF2635DEDEAD /* Frameworks */,
			);
			sourceTree = "<group>";
		};
		20AC4EEB23EBF5B6006439C7 /* Products */ = {
			isa = PBXGroup;
			children = (
				20AC4EEA23EBF5B6006439C7 /* bankingswiftdemo.app */,
			);
			name = Products;
			sourceTree = "<group>";
		};
		20AC4EEC23EBF5B6006439C7 /* bankingswiftdemo */ = {
			isa = PBXGroup;
			children = (
				20AC4EED23EBF5B6006439C7 /* AppDelegate.swift */,
				20AC4EEF23EBF5B6006439C7 /* SceneDelegate.swift */,
				20AC4EF123EBF5B6006439C7 /* ViewController.swift */,
				20AC4EF323EBF5B6006439C7 /* Main.storyboard */,
				20AC4EF923EBF5BE006439C7 /* Assets.xcassets */,
				20AC4EFB23EBF5BE006439C7 /* LaunchScreen.storyboard */,
				20AC4EFE23EBF5BE006439C7 /* Info.plist */,
				20AC4EF623EBF5B6006439C7 /* bankingswiftdemo.xcdatamodeld */,
				20DC11D223EC5075000C2796 /* MainViewController.swift */,
				20DC11D423EC55E4000C2796 /* SideMenuViewController.swift */,
				2050C95D23ED4394003CA34D /* TransfersViewController.swift */,
				2031926623ED86AD00E47747 /* PaymentsViewController.swift */,
				2031926823ED87F300E47747 /* UtilPaymentsViewController.swift */,
				20D19E9B23F07AC10051911F /* ApplicationsViewController.swift */,
				20D19E9D23F13BBA0051911F /* CalculationViewController.swift */,
				20D19E9F23F151D40051911F /* TaxViewController.swift */,
				20D19EA123F164FC0051911F /* CreditCardPaymentViewController.swift */,
				20D19EA323F16C900051911F /* ElectricViewController.swift */,
				20D19EA523F16CD20051911F /* WaterViewController.swift */,
				20D19EA723F16CE90051911F /* GasViewController.swift */,
				20D19EA923F17A0A0051911F /* InvestmentsViewController.swift */,
				2033045823F2849B007C6B64 /* MarketsViewController.swift */,
				2033045A23F285F9007C6B64 /* PersonalFinanceLoanCalculationViewController.swift */,
				2033045C23F2865A007C6B64 /* DepositReturnCalculationViewController.swift */,
				2033045E23F29749007C6B64 /* ContactViewController.swift */,
				2033046023F29808007C6B64 /* DepositRatesViewController.swift */,
				2033046223F2C1E7007C6B64 /* ToCountlyBankViewController.swift */,
				2033046423F2C6A8007C6B64 /* ToAnotherBankViewController.swift */,
				2033046623F2C821007C6B64 /* SwiftViewController.swift */,
				2033046823F2D6CD007C6B64 /* ProductsViewController.swift */,
				20CFD1C223F3D5F300B0AF20 /* CreditCardApplicationViewController.swift */,
				20CFD1C423F3D64800B0AF20 /* LoanApplicationViewController.swift */,
				20CFD1C623F3D65C00B0AF20 /* InsuranceApplicationViewController.swift */,
			);
			path = bankingswiftdemo;
			sourceTree = "<group>";
		};
		C5BD0FCB27E0AF2635DEDEAD /* Frameworks */ = {
			isa = PBXGroup;
			children = (
				C5D3D3F36B1566E1981336F0 /* Pods_bankingswiftdemo.framework */,
			);
			name = Frameworks;
			sourceTree = "<group>";
		};
		E670CD40E11D7FAC660A8B51 /* Pods */ = {
			isa = PBXGroup;
			children = (
				D471EB65FEE6A709D45E5B66 /* Pods-bankingswiftdemo.debug.xcconfig */,
				8B3C4E6E367DFD34EEC0D61E /* Pods-bankingswiftdemo.release.xcconfig */,
			);
			path = Pods;
			sourceTree = "<group>";
		};
/* End PBXGroup section */

/* Begin PBXNativeTarget section */
		20AC4EE923EBF5B6006439C7 /* bankingswiftdemo */ = {
			isa = PBXNativeTarget;
			buildConfigurationList = 20AC4F0123EBF5BE006439C7 /* Build configuration list for PBXNativeTarget "bankingswiftdemo" */;
			buildPhases = (
				DCA6F97FE6B1EF0F6A1AF3B1 /* [CP] Check Pods Manifest.lock */,
				20AC4EE623EBF5B6006439C7 /* Sources */,
				20AC4EE723EBF5B6006439C7 /* Frameworks */,
				20AC4EE823EBF5B6006439C7 /* Resources */,
				2584BEF95BE43BE07A0DC454 /* [CP] Embed Pods Frameworks */,
			);
			buildRules = (
			);
			dependencies = (
			);
			name = bankingswiftdemo;
			productName = bankingswiftdemo;
			productReference = 20AC4EEA23EBF5B6006439C7 /* bankingswiftdemo.app */;
			productType = "com.apple.product-type.application";
		};
/* End PBXNativeTarget section */

/* Begin PBXProject section */
		20AC4EE223EBF5B6006439C7 /* Project object */ = {
			isa = PBXProject;
			attributes = {
				LastSwiftUpdateCheck = 1130;
				LastUpgradeCheck = 1130;
				ORGANIZATIONNAME = "Cem Karakurt";
				TargetAttributes = {
					20AC4EE923EBF5B6006439C7 = {
						CreatedOnToolsVersion = 11.3;
					};
				};
			};
			buildConfigurationList = 20AC4EE523EBF5B6006439C7 /* Build configuration list for PBXProject "bankingswiftdemo" */;
			compatibilityVersion = "Xcode 9.3";
			developmentRegion = en;
			hasScannedForEncodings = 0;
			knownRegions = (
				en,
				Base,
			);
			mainGroup = 20AC4EE123EBF5B6006439C7;
			productRefGroup = 20AC4EEB23EBF5B6006439C7 /* Products */;
			projectDirPath = "";
			projectRoot = "";
			targets = (
				20AC4EE923EBF5B6006439C7 /* bankingswiftdemo */,
			);
		};
/* End PBXProject section */

/* Begin PBXResourcesBuildPhase section */
		20AC4EE823EBF5B6006439C7 /* Resources */ = {
			isa = PBXResourcesBuildPhase;
			buildActionMask = 2147483647;
			files = (
				20AC4EFD23EBF5BE006439C7 /* LaunchScreen.storyboard in Resources */,
				20AC4EFA23EBF5BE006439C7 /* Assets.xcassets in Resources */,
				20AC4EF523EBF5B6006439C7 /* Main.storyboard in Resources */,
			);
			runOnlyForDeploymentPostprocessing = 0;
		};
/* End PBXResourcesBuildPhase section */

/* Begin PBXShellScriptBuildPhase section */
		2584BEF95BE43BE07A0DC454 /* [CP] Embed Pods Frameworks */ = {
			isa = PBXShellScriptBuildPhase;
			buildActionMask = 2147483647;
			files = (
			);
			inputFileListPaths = (
				"${PODS_ROOT}/Target Support Files/Pods-bankingswiftdemo/Pods-bankingswiftdemo-frameworks-${CONFIGURATION}-input-files.xcfilelist",
			);
			name = "[CP] Embed Pods Frameworks";
			outputFileListPaths = (
				"${PODS_ROOT}/Target Support Files/Pods-bankingswiftdemo/Pods-bankingswiftdemo-frameworks-${CONFIGURATION}-output-files.xcfilelist",
			);
			runOnlyForDeploymentPostprocessing = 0;
			shellPath = /bin/sh;
			shellScript = "\"${PODS_ROOT}/Target Support Files/Pods-bankingswiftdemo/Pods-bankingswiftdemo-frameworks.sh\"\n";
			showEnvVarsInLog = 0;
		};
		DCA6F97FE6B1EF0F6A1AF3B1 /* [CP] Check Pods Manifest.lock */ = {
			isa = PBXShellScriptBuildPhase;
			buildActionMask = 2147483647;
			files = (
			);
			inputFileListPaths = (
			);
			inputPaths = (
				"${PODS_PODFILE_DIR_PATH}/Podfile.lock",
				"${PODS_ROOT}/Manifest.lock",
			);
			name = "[CP] Check Pods Manifest.lock";
			outputFileListPaths = (
			);
			outputPaths = (
				"$(DERIVED_FILE_DIR)/Pods-bankingswiftdemo-checkManifestLockResult.txt",
			);
			runOnlyForDeploymentPostprocessing = 0;
			shellPath = /bin/sh;
			shellScript = "diff \"${PODS_PODFILE_DIR_PATH}/Podfile.lock\" \"${PODS_ROOT}/Manifest.lock\" > /dev/null\nif [ $? != 0 ] ; then\n    # print error to STDERR\n    echo \"error: The sandbox is not in sync with the Podfile.lock. Run 'pod install' or update your CocoaPods installation.\" >&2\n    exit 1\nfi\n# This output is used by Xcode 'outputs' to avoid re-running this script phase.\necho \"SUCCESS\" > \"${SCRIPT_OUTPUT_FILE_0}\"\n";
			showEnvVarsInLog = 0;
		};
/* End PBXShellScriptBuildPhase section */

/* Begin PBXSourcesBuildPhase section */
		20AC4EE623EBF5B6006439C7 /* Sources */ = {
			isa = PBXSourcesBuildPhase;
			buildActionMask = 2147483647;
			files = (
				2031926923ED87F300E47747 /* UtilPaymentsViewController.swift in Sources */,
				2033045D23F2865A007C6B64 /* DepositReturnCalculationViewController.swift in Sources */,
				20D19E9E23F13BBA0051911F /* CalculationViewController.swift in Sources */,
				20D19EA623F16CD20051911F /* WaterViewController.swift in Sources */,
				20D19EA023F151D40051911F /* TaxViewController.swift in Sources */,
				20CFD1C723F3D65C00B0AF20 /* InsuranceApplicationViewController.swift in Sources */,
				2033046323F2C1E7007C6B64 /* ToCountlyBankViewController.swift in Sources */,
				20AC4EF223EBF5B6006439C7 /* ViewController.swift in Sources */,
				20AC4EF823EBF5B6006439C7 /* bankingswiftdemo.xcdatamodeld in Sources */,
				20D19EA423F16C900051911F /* ElectricViewController.swift in Sources */,
				2033046523F2C6A8007C6B64 /* ToAnotherBankViewController.swift in Sources */,
				2033045F23F29749007C6B64 /* ContactViewController.swift in Sources */,
				20AC4EEE23EBF5B6006439C7 /* AppDelegate.swift in Sources */,
				20AC4EF023EBF5B6006439C7 /* SceneDelegate.swift in Sources */,
				20CFD1C323F3D5F300B0AF20 /* CreditCardApplicationViewController.swift in Sources */,
				20DC11D523EC55E4000C2796 /* SideMenuViewController.swift in Sources */,
				2050C95E23ED4394003CA34D /* TransfersViewController.swift in Sources */,
				20D19EAA23F17A0A0051911F /* InvestmentsViewController.swift in Sources */,
				2033046923F2D6CD007C6B64 /* ProductsViewController.swift in Sources */,
				20DC11D323EC5075000C2796 /* MainViewController.swift in Sources */,
				20D19EA823F16CE90051911F /* GasViewController.swift in Sources */,
				2033046723F2C821007C6B64 /* SwiftViewController.swift in Sources */,
				2033045B23F285F9007C6B64 /* PersonalFinanceLoanCalculationViewController.swift in Sources */,
				20D19E9C23F07AC10051911F /* ApplicationsViewController.swift in Sources */,
				2033046123F29808007C6B64 /* DepositRatesViewController.swift in Sources */,
				20D19EA223F164FC0051911F /* CreditCardPaymentViewController.swift in Sources */,
				2033045923F2849B007C6B64 /* MarketsViewController.swift in Sources */,
				2031926723ED86AD00E47747 /* PaymentsViewController.swift in Sources */,
				20CFD1C523F3D64800B0AF20 /* LoanApplicationViewController.swift in Sources */,
			);
			runOnlyForDeploymentPostprocessing = 0;
		};
/* End PBXSourcesBuildPhase section */

/* Begin PBXVariantGroup section */
		20AC4EF323EBF5B6006439C7 /* Main.storyboard */ = {
			isa = PBXVariantGroup;
			children = (
				20AC4EF423EBF5B6006439C7 /* Base */,
			);
			name = Main.storyboard;
			sourceTree = "<group>";
		};
		20AC4EFB23EBF5BE006439C7 /* LaunchScreen.storyboard */ = {
			isa = PBXVariantGroup;
			children = (
				20AC4EFC23EBF5BE006439C7 /* Base */,
			);
			name = LaunchScreen.storyboard;
			sourceTree = "<group>";
		};
/* End PBXVariantGroup section */

/* Begin XCBuildConfiguration section */
		20AC4EFF23EBF5BE006439C7 /* Debug */ = {
			isa = XCBuildConfiguration;
			buildSettings = {
				ALWAYS_SEARCH_USER_PATHS = NO;
				CLANG_ANALYZER_NONNULL = YES;
				CLANG_ANALYZER_NUMBER_OBJECT_CONVERSION = YES_AGGRESSIVE;
				CLANG_CXX_LANGUAGE_STANDARD = "gnu++14";
				CLANG_CXX_LIBRARY = "libc++";
				CLANG_ENABLE_MODULES = YES;
				CLANG_ENABLE_OBJC_ARC = YES;
				CLANG_ENABLE_OBJC_WEAK = YES;
				CLANG_WARN_BLOCK_CAPTURE_AUTORELEASING = YES;
				CLANG_WARN_BOOL_CONVERSION = YES;
				CLANG_WARN_COMMA = YES;
				CLANG_WARN_CONSTANT_CONVERSION = YES;
				CLANG_WARN_DEPRECATED_OBJC_IMPLEMENTATIONS = YES;
				CLANG_WARN_DIRECT_OBJC_ISA_USAGE = YES_ERROR;
				CLANG_WARN_DOCUMENTATION_COMMENTS = YES;
				CLANG_WARN_EMPTY_BODY = YES;
				CLANG_WARN_ENUM_CONVERSION = YES;
				CLANG_WARN_INFINITE_RECURSION = YES;
				CLANG_WARN_INT_CONVERSION = YES;
				CLANG_WARN_NON_LITERAL_NULL_CONVERSION = YES;
				CLANG_WARN_OBJC_IMPLICIT_RETAIN_SELF = YES;
				CLANG_WARN_OBJC_LITERAL_CONVERSION = YES;
				CLANG_WARN_OBJC_ROOT_CLASS = YES_ERROR;
				CLANG_WARN_RANGE_LOOP_ANALYSIS = YES;
				CLANG_WARN_STRICT_PROTOTYPES = YES;
				CLANG_WARN_SUSPICIOUS_MOVE = YES;
				CLANG_WARN_UNGUARDED_AVAILABILITY = YES_AGGRESSIVE;
				CLANG_WARN_UNREACHABLE_CODE = YES;
				CLANG_WARN__DUPLICATE_METHOD_MATCH = YES;
				COPY_PHASE_STRIP = NO;
				DEBUG_INFORMATION_FORMAT = dwarf;
				ENABLE_STRICT_OBJC_MSGSEND = YES;
				ENABLE_TESTABILITY = YES;
				GCC_C_LANGUAGE_STANDARD = gnu11;
				GCC_DYNAMIC_NO_PIC = NO;
				GCC_NO_COMMON_BLOCKS = YES;
				GCC_OPTIMIZATION_LEVEL = 0;
				GCC_PREPROCESSOR_DEFINITIONS = (
					"DEBUG=1",
					"$(inherited)",
				);
				GCC_WARN_64_TO_32_BIT_CONVERSION = YES;
				GCC_WARN_ABOUT_RETURN_TYPE = YES_ERROR;
				GCC_WARN_UNDECLARED_SELECTOR = YES;
				GCC_WARN_UNINITIALIZED_AUTOS = YES_AGGRESSIVE;
				GCC_WARN_UNUSED_FUNCTION = YES;
				GCC_WARN_UNUSED_VARIABLE = YES;
				IPHONEOS_DEPLOYMENT_TARGET = 13.2;
				MTL_ENABLE_DEBUG_INFO = INCLUDE_SOURCE;
				MTL_FAST_MATH = YES;
				ONLY_ACTIVE_ARCH = YES;
				SDKROOT = iphoneos;
				SWIFT_ACTIVE_COMPILATION_CONDITIONS = DEBUG;
				SWIFT_OPTIMIZATION_LEVEL = "-Onone";
			};
			name = Debug;
		};
		20AC4F0023EBF5BE006439C7 /* Release */ = {
			isa = XCBuildConfiguration;
			buildSettings = {
				ALWAYS_SEARCH_USER_PATHS = NO;
				CLANG_ANALYZER_NONNULL = YES;
				CLANG_ANALYZER_NUMBER_OBJECT_CONVERSION = YES_AGGRESSIVE;
				CLANG_CXX_LANGUAGE_STANDARD = "gnu++14";
				CLANG_CXX_LIBRARY = "libc++";
				CLANG_ENABLE_MODULES = YES;
				CLANG_ENABLE_OBJC_ARC = YES;
				CLANG_ENABLE_OBJC_WEAK = YES;
				CLANG_WARN_BLOCK_CAPTURE_AUTORELEASING = YES;
				CLANG_WARN_BOOL_CONVERSION = YES;
				CLANG_WARN_COMMA = YES;
				CLANG_WARN_CONSTANT_CONVERSION = YES;
				CLANG_WARN_DEPRECATED_OBJC_IMPLEMENTATIONS = YES;
				CLANG_WARN_DIRECT_OBJC_ISA_USAGE = YES_ERROR;
				CLANG_WARN_DOCUMENTATION_COMMENTS = YES;
				CLANG_WARN_EMPTY_BODY = YES;
				CLANG_WARN_ENUM_CONVERSION = YES;
				CLANG_WARN_INFINITE_RECURSION = YES;
				CLANG_WARN_INT_CONVERSION = YES;
				CLANG_WARN_NON_LITERAL_NULL_CONVERSION = YES;
				CLANG_WARN_OBJC_IMPLICIT_RETAIN_SELF = YES;
				CLANG_WARN_OBJC_LITERAL_CONVERSION = YES;
				CLANG_WARN_OBJC_ROOT_CLASS = YES_ERROR;
				CLANG_WARN_RANGE_LOOP_ANALYSIS = YES;
				CLANG_WARN_STRICT_PROTOTYPES = YES;
				CLANG_WARN_SUSPICIOUS_MOVE = YES;
				CLANG_WARN_UNGUARDED_AVAILABILITY = YES_AGGRESSIVE;
				CLANG_WARN_UNREACHABLE_CODE = YES;
				CLANG_WARN__DUPLICATE_METHOD_MATCH = YES;
				COPY_PHASE_STRIP = NO;
				DEBUG_INFORMATION_FORMAT = "dwarf-with-dsym";
				ENABLE_NS_ASSERTIONS = NO;
				ENABLE_STRICT_OBJC_MSGSEND = YES;
				GCC_C_LANGUAGE_STANDARD = gnu11;
				GCC_NO_COMMON_BLOCKS = YES;
				GCC_WARN_64_TO_32_BIT_CONVERSION = YES;
				GCC_WARN_ABOUT_RETURN_TYPE = YES_ERROR;
				GCC_WARN_UNDECLARED_SELECTOR = YES;
				GCC_WARN_UNINITIALIZED_AUTOS = YES_AGGRESSIVE;
				GCC_WARN_UNUSED_FUNCTION = YES;
				GCC_WARN_UNUSED_VARIABLE = YES;
				IPHONEOS_DEPLOYMENT_TARGET = 13.2;
				MTL_ENABLE_DEBUG_INFO = NO;
				MTL_FAST_MATH = YES;
				SDKROOT = iphoneos;
				SWIFT_COMPILATION_MODE = wholemodule;
				SWIFT_OPTIMIZATION_LEVEL = "-O";
				VALIDATE_PRODUCT = YES;
			};
			name = Release;
		};
		20AC4F0223EBF5BE006439C7 /* Debug */ = {
			isa = XCBuildConfiguration;
			baseConfigurationReference = D471EB65FEE6A709D45E5B66 /* Pods-bankingswiftdemo.debug.xcconfig */;
			buildSettings = {
				ASSETCATALOG_COMPILER_APPICON_NAME = AppIcon;
				CODE_SIGN_STYLE = Automatic;
				DEVELOPMENT_TEAM = 44D834JTY8;
				INFOPLIST_FILE = bankingswiftdemo/Info.plist;
				LD_RUNPATH_SEARCH_PATHS = (
					"$(inherited)",
					"@executable_path/Frameworks",
				);
				PRODUCT_BUNDLE_IDENTIFIER = ickarakurt.bankingswiftdemo;
				PRODUCT_NAME = "$(TARGET_NAME)";
				SWIFT_VERSION = 5.0;
				TARGETED_DEVICE_FAMILY = "1,2";
			};
			name = Debug;
		};
		20AC4F0323EBF5BE006439C7 /* Release */ = {
			isa = XCBuildConfiguration;
			baseConfigurationReference = 8B3C4E6E367DFD34EEC0D61E /* Pods-bankingswiftdemo.release.xcconfig */;
			buildSettings = {
				ASSETCATALOG_COMPILER_APPICON_NAME = AppIcon;
				CODE_SIGN_STYLE = Automatic;
				DEVELOPMENT_TEAM = 44D834JTY8;
				INFOPLIST_FILE = bankingswiftdemo/Info.plist;
				LD_RUNPATH_SEARCH_PATHS = (
					"$(inherited)",
					"@executable_path/Frameworks",
				);
				PRODUCT_BUNDLE_IDENTIFIER = ickarakurt.bankingswiftdemo;
				PRODUCT_NAME = "$(TARGET_NAME)";
				SWIFT_VERSION = 5.0;
				TARGETED_DEVICE_FAMILY = "1,2";
			};
			name = Release;
		};
/* End XCBuildConfiguration section */

/* Begin XCConfigurationList section */
		20AC4EE523EBF5B6006439C7 /* Build configuration list for PBXProject "bankingswiftdemo" */ = {
			isa = XCConfigurationList;
			buildConfigurations = (
				20AC4EFF23EBF5BE006439C7 /* Debug */,
				20AC4F0023EBF5BE006439C7 /* Release */,
			);
			defaultConfigurationIsVisible = 0;
			defaultConfigurationName = Release;
		};
		20AC4F0123EBF5BE006439C7 /* Build configuration list for PBXNativeTarget "bankingswiftdemo" */ = {
			isa = XCConfigurationList;
			buildConfigurations = (
				20AC4F0223EBF5BE006439C7 /* Debug */,
				20AC4F0323EBF5BE006439C7 /* Release */,
			);
			defaultConfigurationIsVisible = 0;
			defaultConfigurationName = Release;
		};
/* End XCConfigurationList section */

/* Begin XCVersionGroup section */
		20AC4EF623EBF5B6006439C7 /* bankingswiftdemo.xcdatamodeld */ = {
			isa = XCVersionGroup;
			children = (
				20AC4EF723EBF5B6006439C7 /* bankingswiftdemo.xcdatamodel */,
			);
			currentVersion = 20AC4EF723EBF5B6006439C7 /* bankingswiftdemo.xcdatamodel */;
			path = bankingswiftdemo.xcdatamodeld;
			sourceTree = "<group>";
			versionGroupType = wrapper.xcdatamodel;
		};
/* End XCVersionGroup section */
	};
	rootObject = 20AC4EE223EBF5B6006439C7 /* Project object */;
}
